// !$*UTF8*$!
{
	archiveVersion = 1;
	classes = {
	};
	objectVersion = 46;
	objects = {

/* Begin PBXBuildFile section */
		D11D6E79195CA26400060F1B /* AssetsLibrary.framework in Frameworks */ = {isa = PBXBuildFile; fileRef = D11D6E78195CA26400060F1B /* AssetsLibrary.framework */; };
		D141B9A9195B196B000C2719 /* Foundation.framework in Frameworks */ = {isa = PBXBuildFile; fileRef = D141B9A8195B196B000C2719 /* Foundation.framework */; };
		D141B9AB195B196B000C2719 /* CoreGraphics.framework in Frameworks */ = {isa = PBXBuildFile; fileRef = D141B9AA195B196B000C2719 /* CoreGraphics.framework */; };
		D141B9AD195B196B000C2719 /* UIKit.framework in Frameworks */ = {isa = PBXBuildFile; fileRef = D141B9AC195B196B000C2719 /* UIKit.framework */; };
		D141B9AF195B196B000C2719 /* CoreData.framework in Frameworks */ = {isa = PBXBuildFile; fileRef = D141B9AE195B196B000C2719 /* CoreData.framework */; };
		D141B9B5195B196B000C2719 /* InfoPlist.strings in Resources */ = {isa = PBXBuildFile; fileRef = D141B9B3195B196B000C2719 /* InfoPlist.strings */; };
		D141B9B7195B196B000C2719 /* main.m in Sources */ = {isa = PBXBuildFile; fileRef = D141B9B6195B196B000C2719 /* main.m */; };
		D141B9BB195B196B000C2719 /* AppDelegate.m in Sources */ = {isa = PBXBuildFile; fileRef = D141B9BA195B196B000C2719 /* AppDelegate.m */; };
		D141B9BE195B196B000C2719 /* RomiboEyes.xcdatamodeld in Sources */ = {isa = PBXBuildFile; fileRef = D141B9BC195B196B000C2719 /* RomiboEyes.xcdatamodeld */; };
		D141B9C0195B196B000C2719 /* Images.xcassets in Resources */ = {isa = PBXBuildFile; fileRef = D141B9BF195B196B000C2719 /* Images.xcassets */; };
		D141B9C7195B196B000C2719 /* XCTest.framework in Frameworks */ = {isa = PBXBuildFile; fileRef = D141B9C6195B196B000C2719 /* XCTest.framework */; };
		D141B9C8195B196B000C2719 /* Foundation.framework in Frameworks */ = {isa = PBXBuildFile; fileRef = D141B9A8195B196B000C2719 /* Foundation.framework */; };
		D141B9C9195B196B000C2719 /* UIKit.framework in Frameworks */ = {isa = PBXBuildFile; fileRef = D141B9AC195B196B000C2719 /* UIKit.framework */; };
		D141B9CA195B196B000C2719 /* CoreData.framework in Frameworks */ = {isa = PBXBuildFile; fileRef = D141B9AE195B196B000C2719 /* CoreData.framework */; };
		D141B9D2195B196B000C2719 /* InfoPlist.strings in Resources */ = {isa = PBXBuildFile; fileRef = D141B9D0195B196B000C2719 /* InfoPlist.strings */; };
		D141B9D4195B196B000C2719 /* RomiboEyesTests.m in Sources */ = {isa = PBXBuildFile; fileRef = D141B9D3195B196B000C2719 /* RomiboEyesTests.m */; };
		D141B9E8195B1A52000C2719 /* ViewController.mm in Sources */ = {isa = PBXBuildFile; fileRef = D141B9E7195B1A52000C2719 /* ViewController.mm */; };
		D15009F8199C134100FD6C1E /* CoreImage.framework in Frameworks */ = {isa = PBXBuildFile; fileRef = D15009F7199C134100FD6C1E /* CoreImage.framework */; };
		D15009FA199C134500FD6C1E /* QuartzCore.framework in Frameworks */ = {isa = PBXBuildFile; fileRef = D15009F9199C134500FD6C1E /* QuartzCore.framework */; };
		D18AC2BC198BF4EF004B65AB /* haarcascade_mcs_eyepair_big.xml in Resources */ = {isa = PBXBuildFile; fileRef = D18AC2BB198BF4EF004B65AB /* haarcascade_mcs_eyepair_big.xml */; };
		D1D86DD4195DF6A7005A88BC /* Eye.m in Sources */ = {isa = PBXBuildFile; fileRef = D1D86DD3195DF6A7005A88BC /* Eye.m */; };
		D1D86DD6195E01E2005A88BC /* AVFoundation.framework in Frameworks */ = {isa = PBXBuildFile; fileRef = D1D86DD5195E01E2005A88BC /* AVFoundation.framework */; };
		D1DD06F2195C7DEF00AFEF98 /* EyesView.m in Sources */ = {isa = PBXBuildFile; fileRef = D1DD06F1195C7DEE00AFEF98 /* EyesView.m */; };
		D1DD06F4195C8A2700AFEF98 /* opencv2.framework in Frameworks */ = {isa = PBXBuildFile; fileRef = D1DD06F3195C8A2700AFEF98 /* opencv2.framework */; };
/* End PBXBuildFile section */

/* Begin PBXContainerItemProxy section */
		D141B9CB195B196B000C2719 /* PBXContainerItemProxy */ = {
			isa = PBXContainerItemProxy;
			containerPortal = D141B99D195B196B000C2719 /* Project object */;
			proxyType = 1;
			remoteGlobalIDString = D141B9A4195B196B000C2719;
			remoteInfo = RomiboEyes;
		};
/* End PBXContainerItemProxy section */

/* Begin PBXFileReference section */
		D11D6E78195CA26400060F1B /* AssetsLibrary.framework */ = {isa = PBXFileReference; lastKnownFileType = wrapper.framework; name = AssetsLibrary.framework; path = System/Library/Frameworks/AssetsLibrary.framework; sourceTree = SDKROOT; };
		D141B9A5195B196B000C2719 /* RomiboEyes.app */ = {isa = PBXFileReference; explicitFileType = wrapper.application; includeInIndex = 0; path = RomiboEyes.app; sourceTree = BUILT_PRODUCTS_DIR; };
		D141B9A8195B196B000C2719 /* Foundation.framework */ = {isa = PBXFileReference; lastKnownFileType = wrapper.framework; name = Foundation.framework; path = System/Library/Frameworks/Foundation.framework; sourceTree = SDKROOT; };
		D141B9AA195B196B000C2719 /* CoreGraphics.framework */ = {isa = PBXFileReference; lastKnownFileType = wrapper.framework; name = CoreGraphics.framework; path = System/Library/Frameworks/CoreGraphics.framework; sourceTree = SDKROOT; };
		D141B9AC195B196B000C2719 /* UIKit.framework */ = {isa = PBXFileReference; lastKnownFileType = wrapper.framework; name = UIKit.framework; path = System/Library/Frameworks/UIKit.framework; sourceTree = SDKROOT; };
		D141B9AE195B196B000C2719 /* CoreData.framework */ = {isa = PBXFileReference; lastKnownFileType = wrapper.framework; name = CoreData.framework; path = System/Library/Frameworks/CoreData.framework; sourceTree = SDKROOT; };
		D141B9B2195B196B000C2719 /* RomiboEyes-Info.plist */ = {isa = PBXFileReference; lastKnownFileType = text.plist.xml; path = "RomiboEyes-Info.plist"; sourceTree = "<group>"; };
		D141B9B4195B196B000C2719 /* en */ = {isa = PBXFileReference; lastKnownFileType = text.plist.strings; name = en; path = en.lproj/InfoPlist.strings; sourceTree = "<group>"; };
		D141B9B6195B196B000C2719 /* main.m */ = {isa = PBXFileReference; lastKnownFileType = sourcecode.c.objc; path = main.m; sourceTree = "<group>"; };
		D141B9B8195B196B000C2719 /* RomiboEyes-Prefix.pch */ = {isa = PBXFileReference; lastKnownFileType = sourcecode.c.h; path = "RomiboEyes-Prefix.pch"; sourceTree = "<group>"; };
		D141B9B9195B196B000C2719 /* AppDelegate.h */ = {isa = PBXFileReference; lastKnownFileType = sourcecode.c.h; path = AppDelegate.h; sourceTree = "<group>"; };
		D141B9BA195B196B000C2719 /* AppDelegate.m */ = {isa = PBXFileReference; lastKnownFileType = sourcecode.c.objc; path = AppDelegate.m; sourceTree = "<group>"; };
		D141B9BD195B196B000C2719 /* RomiboEyes.xcdatamodel */ = {isa = PBXFileReference; lastKnownFileType = wrapper.xcdatamodel; path = RomiboEyes.xcdatamodel; sourceTree = "<group>"; };
		D141B9BF195B196B000C2719 /* Images.xcassets */ = {isa = PBXFileReference; lastKnownFileType = folder.assetcatalog; path = Images.xcassets; sourceTree = "<group>"; };
		D141B9C5195B196B000C2719 /* RomiboEyesTests.xctest */ = {isa = PBXFileReference; explicitFileType = wrapper.cfbundle; includeInIndex = 0; path = RomiboEyesTests.xctest; sourceTree = BUILT_PRODUCTS_DIR; };
		D141B9C6195B196B000C2719 /* XCTest.framework */ = {isa = PBXFileReference; lastKnownFileType = wrapper.framework; name = XCTest.framework; path = Library/Frameworks/XCTest.framework; sourceTree = DEVELOPER_DIR; };
		D141B9CF195B196B000C2719 /* RomiboEyesTests-Info.plist */ = {isa = PBXFileReference; lastKnownFileType = text.plist.xml; path = "RomiboEyesTests-Info.plist"; sourceTree = "<group>"; };
		D141B9D1195B196B000C2719 /* en */ = {isa = PBXFileReference; lastKnownFileType = text.plist.strings; name = en; path = en.lproj/InfoPlist.strings; sourceTree = "<group>"; };
		D141B9D3195B196B000C2719 /* RomiboEyesTests.m */ = {isa = PBXFileReference; lastKnownFileType = sourcecode.c.objc; path = RomiboEyesTests.m; sourceTree = "<group>"; };
		D141B9E6195B1A52000C2719 /* ViewController.h */ = {isa = PBXFileReference; fileEncoding = 4; lastKnownFileType = sourcecode.c.h; name = ViewController.h; path = RomiboEyes/ViewController.h; sourceTree = "<group>"; };
		D141B9E7195B1A52000C2719 /* ViewController.mm */ = {isa = PBXFileReference; fileEncoding = 4; lastKnownFileType = sourcecode.cpp.objcpp; name = ViewController.mm; path = RomiboEyes/ViewController.mm; sourceTree = "<group>"; };
		D15009F7199C134100FD6C1E /* CoreImage.framework */ = {isa = PBXFileReference; lastKnownFileType = wrapper.framework; name = CoreImage.framework; path = System/Library/Frameworks/CoreImage.framework; sourceTree = SDKROOT; };
		D15009F9199C134500FD6C1E /* QuartzCore.framework */ = {isa = PBXFileReference; lastKnownFileType = wrapper.framework; name = QuartzCore.framework; path = System/Library/Frameworks/QuartzCore.framework; sourceTree = SDKROOT; };
		D18AC2BB198BF4EF004B65AB /* haarcascade_mcs_eyepair_big.xml */ = {isa = PBXFileReference; fileEncoding = 4; lastKnownFileType = text.xml; name = haarcascade_mcs_eyepair_big.xml; path = "../../../../../Downloads/opencv-2.4.6.1/data/haarcascades/haarcascade_mcs_eyepair_big.xml"; sourceTree = "<group>"; };
		D1D86DD2195DF6A7005A88BC /* Eye.h */ = {isa = PBXFileReference; fileEncoding = 4; lastKnownFileType = sourcecode.c.h; name = Eye.h; path = RomiboEyes/Eye.h; sourceTree = "<group>"; };
		D1D86DD3195DF6A7005A88BC /* Eye.m */ = {isa = PBXFileReference; fileEncoding = 4; lastKnownFileType = sourcecode.c.objc; name = Eye.m; path = RomiboEyes/Eye.m; sourceTree = "<group>"; };
		D1D86DD5195E01E2005A88BC /* AVFoundation.framework */ = {isa = PBXFileReference; lastKnownFileType = wrapper.framework; name = AVFoundation.framework; path = System/Library/Frameworks/AVFoundation.framework; sourceTree = SDKROOT; };
		D1DD06F0195C7DEE00AFEF98 /* EyesView.h */ = {isa = PBXFileReference; fileEncoding = 4; lastKnownFileType = sourcecode.c.h; name = EyesView.h; path = RomiboEyes/EyesView.h; sourceTree = "<group>"; };
		D1DD06F1195C7DEE00AFEF98 /* EyesView.m */ = {isa = PBXFileReference; fileEncoding = 4; lastKnownFileType = sourcecode.c.objc; name = EyesView.m; path = RomiboEyes/EyesView.m; sourceTree = "<group>"; };
		D1DD06F3195C8A2700AFEF98 /* opencv2.framework */ = {isa = PBXFileReference; lastKnownFileType = wrapper.framework; name = opencv2.framework; path = ../../../../Downloads/opencv2.framework; sourceTree = "<group>"; };
/* End PBXFileReference section */

/* Begin PBXFrameworksBuildPhase section */
		D141B9A2195B196B000C2719 /* Frameworks */ = {
			isa = PBXFrameworksBuildPhase;
			buildActionMask = 2147483647;
			files = (
				D15009FA199C134500FD6C1E /* QuartzCore.framework in Frameworks */,
				D15009F8199C134100FD6C1E /* CoreImage.framework in Frameworks */,
				D1D86DD6195E01E2005A88BC /* AVFoundation.framework in Frameworks */,
				D11D6E79195CA26400060F1B /* AssetsLibrary.framework in Frameworks */,
				D1DD06F4195C8A2700AFEF98 /* opencv2.framework in Frameworks */,
				D141B9AB195B196B000C2719 /* CoreGraphics.framework in Frameworks */,
				D141B9AF195B196B000C2719 /* CoreData.framework in Frameworks */,
				D141B9AD195B196B000C2719 /* UIKit.framework in Frameworks */,
				D141B9A9195B196B000C2719 /* Foundation.framework in Frameworks */,
			);
			runOnlyForDeploymentPostprocessing = 0;
		};
		D141B9C2195B196B000C2719 /* Frameworks */ = {
			isa = PBXFrameworksBuildPhase;
			buildActionMask = 2147483647;
			files = (
				D141B9C7195B196B000C2719 /* XCTest.framework in Frameworks */,
				D141B9CA195B196B000C2719 /* CoreData.framework in Frameworks */,
				D141B9C9195B196B000C2719 /* UIKit.framework in Frameworks */,
				D141B9C8195B196B000C2719 /* Foundation.framework in Frameworks */,
			);
			runOnlyForDeploymentPostprocessing = 0;
		};
/* End PBXFrameworksBuildPhase section */

/* Begin PBXGroup section */
		D141B99C195B196B000C2719 = {
			isa = PBXGroup;
			children = (
				D1D86DD2195DF6A7005A88BC /* Eye.h */,
				D1D86DD3195DF6A7005A88BC /* Eye.m */,
				D141B9E6195B1A52000C2719 /* ViewController.h */,
				D141B9E7195B1A52000C2719 /* ViewController.mm */,
				D1DD06F0195C7DEE00AFEF98 /* EyesView.h */,
				D1DD06F1195C7DEE00AFEF98 /* EyesView.m */,
				D141B9B0195B196B000C2719 /* RomiboEyes */,
				D141B9CD195B196B000C2719 /* RomiboEyesTests */,
				D141B9A7195B196B000C2719 /* Frameworks */,
				D141B9A6195B196B000C2719 /* Products */,
			);
			sourceTree = "<group>";
			usesTabs = 0;
		};
		D141B9A6195B196B000C2719 /* Products */ = {
			isa = PBXGroup;
			children = (
				D141B9A5195B196B000C2719 /* RomiboEyes.app */,
				D141B9C5195B196B000C2719 /* RomiboEyesTests.xctest */,
			);
			name = Products;
			sourceTree = "<group>";
		};
		D141B9A7195B196B000C2719 /* Frameworks */ = {
			isa = PBXGroup;
			children = (
				D15009F9199C134500FD6C1E /* QuartzCore.framework */,
				D15009F7199C134100FD6C1E /* CoreImage.framework */,
				D1D86DD5195E01E2005A88BC /* AVFoundation.framework */,
				D11D6E78195CA26400060F1B /* AssetsLibrary.framework */,
				D1DD06F3195C8A2700AFEF98 /* opencv2.framework */,
				D141B9A8195B196B000C2719 /* Foundation.framework */,
				D141B9AA195B196B000C2719 /* CoreGraphics.framework */,
				D141B9AC195B196B000C2719 /* UIKit.framework */,
				D141B9AE195B196B000C2719 /* CoreData.framework */,
				D141B9C6195B196B000C2719 /* XCTest.framework */,
			);
			name = Frameworks;
			sourceTree = "<group>";
		};
		D141B9B0195B196B000C2719 /* RomiboEyes */ = {
			isa = PBXGroup;
			children = (
				D141B9B9195B196B000C2719 /* AppDelegate.h */,
				D141B9BA195B196B000C2719 /* AppDelegate.m */,
				D141B9BF195B196B000C2719 /* Images.xcassets */,
				D141B9BC195B196B000C2719 /* RomiboEyes.xcdatamodeld */,
				D141B9B1195B196B000C2719 /* Supporting Files */,
			);
			path = RomiboEyes;
			sourceTree = "<group>";
		};
		D141B9B1195B196B000C2719 /* Supporting Files */ = {
			isa = PBXGroup;
			children = (
				D18AC2BB198BF4EF004B65AB /* haarcascade_mcs_eyepair_big.xml */,
				D141B9B2195B196B000C2719 /* RomiboEyes-Info.plist */,
				D141B9B3195B196B000C2719 /* InfoPlist.strings */,
				D141B9B6195B196B000C2719 /* main.m */,
				D141B9B8195B196B000C2719 /* RomiboEyes-Prefix.pch */,
			);
			name = "Supporting Files";
			sourceTree = "<group>";
		};
		D141B9CD195B196B000C2719 /* RomiboEyesTests */ = {
			isa = PBXGroup;
			children = (
				D141B9D3195B196B000C2719 /* RomiboEyesTests.m */,
				D141B9CE195B196B000C2719 /* Supporting Files */,
			);
			path = RomiboEyesTests;
			sourceTree = "<group>";
		};
		D141B9CE195B196B000C2719 /* Supporting Files */ = {
			isa = PBXGroup;
			children = (
				D141B9CF195B196B000C2719 /* RomiboEyesTests-Info.plist */,
				D141B9D0195B196B000C2719 /* InfoPlist.strings */,
			);
			name = "Supporting Files";
			sourceTree = "<group>";
		};
/* End PBXGroup section */

/* Begin PBXNativeTarget section */
		D141B9A4195B196B000C2719 /* RomiboEyes */ = {
			isa = PBXNativeTarget;
			buildConfigurationList = D141B9D7195B196B000C2719 /* Build configuration list for PBXNativeTarget "RomiboEyes" */;
			buildPhases = (
				D141B9A1195B196B000C2719 /* Sources */,
				D141B9A2195B196B000C2719 /* Frameworks */,
				D141B9A3195B196B000C2719 /* Resources */,
			);
			buildRules = (
			);
			dependencies = (
			);
			name = RomiboEyes;
			productName = RomiboEyes;
			productReference = D141B9A5195B196B000C2719 /* RomiboEyes.app */;
			productType = "com.apple.product-type.application";
		};
		D141B9C4195B196B000C2719 /* RomiboEyesTests */ = {
			isa = PBXNativeTarget;
			buildConfigurationList = D141B9DA195B196B000C2719 /* Build configuration list for PBXNativeTarget "RomiboEyesTests" */;
			buildPhases = (
				D141B9C1195B196B000C2719 /* Sources */,
				D141B9C2195B196B000C2719 /* Frameworks */,
				D141B9C3195B196B000C2719 /* Resources */,
			);
			buildRules = (
			);
			dependencies = (
				D141B9CC195B196B000C2719 /* PBXTargetDependency */,
			);
			name = RomiboEyesTests;
			productName = RomiboEyesTests;
			productReference = D141B9C5195B196B000C2719 /* RomiboEyesTests.xctest */;
			productType = "com.apple.product-type.bundle.unit-test";
		};
/* End PBXNativeTarget section */

/* Begin PBXProject section */
		D141B99D195B196B000C2719 /* Project object */ = {
			isa = PBXProject;
			attributes = {
				LastUpgradeCheck = 0510;
				ORGANIZATIONNAME = "Suvir Mirchandani";
				TargetAttributes = {
					D141B9C4195B196B000C2719 = {
						TestTargetID = D141B9A4195B196B000C2719;
					};
				};
			};
			buildConfigurationList = D141B9A0195B196B000C2719 /* Build configuration list for PBXProject "RomiboEyes" */;
			compatibilityVersion = "Xcode 3.2";
			developmentRegion = English;
			hasScannedForEncodings = 0;
			knownRegions = (
				en,
			);
			mainGroup = D141B99C195B196B000C2719;
			productRefGroup = D141B9A6195B196B000C2719 /* Products */;
			projectDirPath = "";
			projectRoot = "";
			targets = (
				D141B9A4195B196B000C2719 /* RomiboEyes */,
				D141B9C4195B196B000C2719 /* RomiboEyesTests */,
			);
		};
/* End PBXProject section */

/* Begin PBXResourcesBuildPhase section */
		D141B9A3195B196B000C2719 /* Resources */ = {
			isa = PBXResourcesBuildPhase;
			buildActionMask = 2147483647;
			files = (
				D141B9B5195B196B000C2719 /* InfoPlist.strings in Resources */,
				D141B9C0195B196B000C2719 /* Images.xcassets in Resources */,
				D18AC2BC198BF4EF004B65AB /* haarcascade_mcs_eyepair_big.xml in Resources */,
			);
			runOnlyForDeploymentPostprocessing = 0;
		};
		D141B9C3195B196B000C2719 /* Resources */ = {
			isa = PBXResourcesBuildPhase;
			buildActionMask = 2147483647;
			files = (
				D141B9D2195B196B000C2719 /* InfoPlist.strings in Resources */,
			);
			runOnlyForDeploymentPostprocessing = 0;
		};
/* End PBXResourcesBuildPhase section */

/* Begin PBXSourcesBuildPhase section */
		D141B9A1195B196B000C2719 /* Sources */ = {
			isa = PBXSourcesBuildPhase;
			buildActionMask = 2147483647;
			files = (
				D141B9BB195B196B000C2719 /* AppDelegate.m in Sources */,
				D141B9BE195B196B000C2719 /* RomiboEyes.xcdatamodeld in Sources */,
				D141B9E8195B1A52000C2719 /* ViewController.mm in Sources */,
				D1D86DD4195DF6A7005A88BC /* Eye.m in Sources */,
				D141B9B7195B196B000C2719 /* main.m in Sources */,
				D1DD06F2195C7DEF00AFEF98 /* EyesView.m in Sources */,
			);
			runOnlyForDeploymentPostprocessing = 0;
		};
		D141B9C1195B196B000C2719 /* Sources */ = {
			isa = PBXSourcesBuildPhase;
			buildActionMask = 2147483647;
			files = (
				D141B9D4195B196B000C2719 /* RomiboEyesTests.m in Sources */,
			);
			runOnlyForDeploymentPostprocessing = 0;
		};
/* End PBXSourcesBuildPhase section */

/* Begin PBXTargetDependency section */
		D141B9CC195B196B000C2719 /* PBXTargetDependency */ = {
			isa = PBXTargetDependency;
			target = D141B9A4195B196B000C2719 /* RomiboEyes */;
			targetProxy = D141B9CB195B196B000C2719 /* PBXContainerItemProxy */;
		};
/* End PBXTargetDependency section */

/* Begin PBXVariantGroup section */
		D141B9B3195B196B000C2719 /* InfoPlist.strings */ = {
			isa = PBXVariantGroup;
			children = (
				D141B9B4195B196B000C2719 /* en */,
			);
			name = InfoPlist.strings;
			sourceTree = "<group>";
		};
		D141B9D0195B196B000C2719 /* InfoPlist.strings */ = {
			isa = PBXVariantGroup;
			children = (
				D141B9D1195B196B000C2719 /* en */,
			);
			name = InfoPlist.strings;
			sourceTree = "<group>";
		};
/* End PBXVariantGroup section */

/* Begin XCBuildConfiguration section */
		D141B9D5195B196B000C2719 /* Debug */ = {
			isa = XCBuildConfiguration;
			buildSettings = {
				ALWAYS_SEARCH_USER_PATHS = NO;
				CLANG_CXX_LANGUAGE_STANDARD = "gnu++0x";
				CLANG_CXX_LIBRARY = "libc++";
				CLANG_ENABLE_MODULES = YES;
				CLANG_ENABLE_OBJC_ARC = YES;
				CLANG_WARN_BOOL_CONVERSION = YES;
				CLANG_WARN_CONSTANT_CONVERSION = YES;
				CLANG_WARN_DIRECT_OBJC_ISA_USAGE = YES_ERROR;
				CLANG_WARN_EMPTY_BODY = YES;
				CLANG_WARN_ENUM_CONVERSION = YES;
				CLANG_WARN_INT_CONVERSION = YES;
				CLANG_WARN_OBJC_ROOT_CLASS = YES_ERROR;
				CLANG_WARN__DUPLICATE_METHOD_MATCH = YES;
				"CODE_SIGN_IDENTITY[sdk=iphoneos*]" = "iPhone Developer";
				COPY_PHASE_STRIP = NO;
				GCC_C_LANGUAGE_STANDARD = gnu99;
				GCC_DYNAMIC_NO_PIC = NO;
				GCC_OPTIMIZATION_LEVEL = 0;
				GCC_PREPROCESSOR_DEFINITIONS = (
					"DEBUG=1",
					"$(inherited)",
				);
				GCC_SYMBOLS_PRIVATE_EXTERN = NO;
				GCC_WARN_64_TO_32_BIT_CONVERSION = YES;
				GCC_WARN_ABOUT_RETURN_TYPE = YES_ERROR;
				GCC_WARN_UNDECLARED_SELECTOR = YES;
				GCC_WARN_UNINITIALIZED_AUTOS = YES_AGGRESSIVE;
				GCC_WARN_UNUSED_FUNCTION = YES;
				GCC_WARN_UNUSED_VARIABLE = YES;
				IPHONEOS_DEPLOYMENT_TARGET = 7.1;
				ONLY_ACTIVE_ARCH = YES;
				SDKROOT = iphoneos;
			};
			name = Debug;
		};
		D141B9D6195B196B000C2719 /* Release */ = {
			isa = XCBuildConfiguration;
			buildSettings = {
				ALWAYS_SEARCH_USER_PATHS = NO;
				CLANG_CXX_LANGUAGE_STANDARD = "gnu++0x";
				CLANG_CXX_LIBRARY = "libc++";
				CLANG_ENABLE_MODULES = YES;
				CLANG_ENABLE_OBJC_ARC = YES;
				CLANG_WARN_BOOL_CONVERSION = YES;
				CLANG_WARN_CONSTANT_CONVERSION = YES;
				CLANG_WARN_DIRECT_OBJC_ISA_USAGE = YES_ERROR;
				CLANG_WARN_EMPTY_BODY = YES;
				CLANG_WARN_ENUM_CONVERSION = YES;
				CLANG_WARN_INT_CONVERSION = YES;
				CLANG_WARN_OBJC_ROOT_CLASS = YES_ERROR;
				CLANG_WARN__DUPLICATE_METHOD_MATCH = YES;
				"CODE_SIGN_IDENTITY[sdk=iphoneos*]" = "iPhone Developer";
				COPY_PHASE_STRIP = YES;
				ENABLE_NS_ASSERTIONS = NO;
				GCC_C_LANGUAGE_STANDARD = gnu99;
				GCC_WARN_64_TO_32_BIT_CONVERSION = YES;
				GCC_WARN_ABOUT_RETURN_TYPE = YES_ERROR;
				GCC_WARN_UNDECLARED_SELECTOR = YES;
				GCC_WARN_UNINITIALIZED_AUTOS = YES_AGGRESSIVE;
				GCC_WARN_UNUSED_FUNCTION = YES;
				GCC_WARN_UNUSED_VARIABLE = YES;
				IPHONEOS_DEPLOYMENT_TARGET = 7.1;
				SDKROOT = iphoneos;
				VALIDATE_PRODUCT = YES;
			};
			name = Release;
		};
		D141B9D8195B196B000C2719 /* Debug */ = {
			isa = XCBuildConfiguration;
			buildSettings = {
				ASSETCATALOG_COMPILER_APPICON_NAME = AppIcon;
				ASSETCATALOG_COMPILER_LAUNCHIMAGE_NAME = LaunchImage;
				FRAMEWORK_SEARCH_PATHS = (
					"$(inherited)",
					/Users/Suvir/Downloads,
				);
				GCC_PRECOMPILE_PREFIX_HEADER = YES;
				GCC_PREFIX_HEADER = "RomiboEyes/RomiboEyes-Prefix.pch";
				INFOPLIST_FILE = "RomiboEyes/RomiboEyes-Info.plist";
				PRODUCT_NAME = "$(TARGET_NAME)";
				VALID_ARCHS = "arm64 armv7s armv7";
				WRAPPER_EXTENSION = app;
			};
			name = Debug;
		};
		D141B9D9195B196B000C2719 /* Release */ = {
			isa = XCBuildConfiguration;
			buildSettings = {
				ASSETCATALOG_COMPILER_APPICON_NAME = AppIcon;
				ASSETCATALOG_COMPILER_LAUNCHIMAGE_NAME = LaunchImage;
				FRAMEWORK_SEARCH_PATHS = (
					"$(inherited)",
					/Users/Suvir/Downloads,
				);
				GCC_PRECOMPILE_PREFIX_HEADER = YES;
				GCC_PREFIX_HEADER = "RomiboEyes/RomiboEyes-Prefix.pch";
				INFOPLIST_FILE = "RomiboEyes/RomiboEyes-Info.plist";
				PRODUCT_NAME = "$(TARGET_NAME)";
				WRAPPER_EXTENSION = app;
			};
			name = Release;
		};
		D141B9DB195B196B000C2719 /* Debug */ = {
			isa = XCBuildConfiguration;
			buildSettings = {
				BUNDLE_LOADER = "$(BUILT_PRODUCTS_DIR)/RomiboEyes.app/RomiboEyes";
				FRAMEWORK_SEARCH_PATHS = (
					"$(SDKROOT)/Developer/Library/Frameworks",
					"$(inherited)",
					"$(DEVELOPER_FRAMEWORKS_DIR)",
				);
				GCC_PRECOMPILE_PREFIX_HEADER = YES;
				GCC_PREFIX_HEADER = "RomiboEyes/RomiboEyes-Prefix.pch";
				GCC_PREPROCESSOR_DEFINITIONS = (
					"DEBUG=1",
					"$(inherited)",
				);
				INFOPLIST_FILE = "RomiboEyesTests/RomiboEyesTests-Info.plist";
				PRODUCT_NAME = "$(TARGET_NAME)";
				TEST_HOST = "$(BUNDLE_LOADER)";
				WRAPPER_EXTENSION = xctest;
			};
			name = Debug;
		};
		D141B9DC195B196B000C2719 /* Release */ = {
			isa = XCBuildConfiguration;
			buildSettings = {
				BUNDLE_LOADER = "$(BUILT_PRODUCTS_DIR)/RomiboEyes.app/RomiboEyes";
				FRAMEWORK_SEARCH_PATHS = (
					"$(SDKROOT)/Developer/Library/Frameworks",
					"$(inherited)",
					"$(DEVELOPER_FRAMEWORKS_DIR)",
				);
				GCC_PRECOMPILE_PREFIX_HEADER = YES;
				GCC_PREFIX_HEADER = "RomiboEyes/RomiboEyes-Prefix.pch";
				INFOPLIST_FILE = "RomiboEyesTests/RomiboEyesTests-Info.plist";
				PRODUCT_NAME = "$(TARGET_NAME)";
				TEST_HOST = "$(BUNDLE_LOADER)";
				WRAPPER_EXTENSION = xctest;
			};
			name = Release;
		};
/* End XCBuildConfiguration section */

/* Begin XCConfigurationList section */
		D141B9A0195B196B000C2719 /* Build configuration list for PBXProject "RomiboEyes" */ = {
			isa = XCConfigurationList;
			buildConfigurations = (
				D141B9D5195B196B000C2719 /* Debug */,
				D141B9D6195B196B000C2719 /* Release */,
			);
			defaultConfigurationIsVisible = 0;
			defaultConfigurationName = Release;
		};
		D141B9D7195B196B000C2719 /* Build configuration list for PBXNativeTarget "RomiboEyes" */ = {
			isa = XCConfigurationList;
			buildConfigurations = (
				D141B9D8195B196B000C2719 /* Debug */,
				D141B9D9195B196B000C2719 /* Release */,
			);
			defaultConfigurationIsVisible = 0;
			defaultConfigurationName = Release;
		};
		D141B9DA195B196B000C2719 /* Build configuration list for PBXNativeTarget "RomiboEyesTests" */ = {
			isa = XCConfigurationList;
			buildConfigurations = (
				D141B9DB195B196B000C2719 /* Debug */,
				D141B9DC195B196B000C2719 /* Release */,
			);
			defaultConfigurationIsVisible = 0;
			defaultConfigurationName = Release;
		};
/* End XCConfigurationList section */

/* Begin XCVersionGroup section */
		D141B9BC195B196B000C2719 /* RomiboEyes.xcdatamodeld */ = {
			isa = XCVersionGroup;
			children = (
				D141B9BD195B196B000C2719 /* RomiboEyes.xcdatamodel */,
			);
			currentVersion = D141B9BD195B196B000C2719 /* RomiboEyes.xcdatamodel */;
			path = RomiboEyes.xcdatamodeld;
			sourceTree = "<group>";
			versionGroupType = wrapper.xcdatamodel;
		};
/* End XCVersionGroup section */
	};
	rootObject = D141B99D195B196B000C2719 /* Project object */;
}
